// !$*UTF8*$!
{
	archiveVersion = 1;
	classes = {
	};
	objectVersion = 56;
	objects = {

/* Begin PBXBuildFile section */
		3E1E3E8529B3BDFB00A740A7 /* snapshottable in Frameworks */ = {isa = PBXBuildFile; productRef = 3E1E3E8429B3BDFB00A740A7 /* snapshottable */; };
		3E3E9AE829AD4B8B00921335 /* KleinSnapshotTestingApp.swift in Sources */ = {isa = PBXBuildFile; fileRef = 3E3E9AE729AD4B8B00921335 /* KleinSnapshotTestingApp.swift */; };
		3E3E9AEA29AD4B8B00921335 /* ContentView.swift in Sources */ = {isa = PBXBuildFile; fileRef = 3E3E9AE929AD4B8B00921335 /* ContentView.swift */; };
		3E3E9AEC29AD4B8D00921335 /* Assets.xcassets in Resources */ = {isa = PBXBuildFile; fileRef = 3E3E9AEB29AD4B8D00921335 /* Assets.xcassets */; };
		3E3E9AEF29AD4B8D00921335 /* Preview Assets.xcassets in Resources */ = {isa = PBXBuildFile; fileRef = 3E3E9AEE29AD4B8D00921335 /* Preview Assets.xcassets */; };
		3E3E9AF929AD4B8D00921335 /* KleinSnapshotTestingTests.swift in Sources */ = {isa = PBXBuildFile; fileRef = 3E3E9AF829AD4B8D00921335 /* KleinSnapshotTestingTests.swift */; };
		3EAECE6F29AFF76200D226C0 /* SampleView.swift in Sources */ = {isa = PBXBuildFile; fileRef = 3EAECE6E29AFF76200D226C0 /* SampleView.swift */; };
		3EAECE7129AFF76B00D226C0 /* SampleView.xib in Resources */ = {isa = PBXBuildFile; fileRef = 3EAECE7029AFF76B00D226C0 /* SampleView.xib */; };
		3ECF642B29AE956E00CA27AD /* SampleViewController.swift in Sources */ = {isa = PBXBuildFile; fileRef = 3ECF642929AE956E00CA27AD /* SampleViewController.swift */; };
		3ECF642C29AE956E00CA27AD /* SampleViewController.xib in Resources */ = {isa = PBXBuildFile; fileRef = 3ECF642A29AE956E00CA27AD /* SampleViewController.xib */; };
/* End PBXBuildFile section */

/* Begin PBXContainerItemProxy section */
		3E3E9AF529AD4B8D00921335 /* PBXContainerItemProxy */ = {
			isa = PBXContainerItemProxy;
			containerPortal = 3E3E9ADC29AD4B8B00921335 /* Project object */;
			proxyType = 1;
			remoteGlobalIDString = 3E3E9AE329AD4B8B00921335;
			remoteInfo = KleinSnapshotTesting;
		};
/* End PBXContainerItemProxy section */

/* Begin PBXFileReference section */
		3E1E3E8329B3BD7800A740A7 /* snapshottable */ = {isa = PBXFileReference; lastKnownFileType = wrapper; name = snapshottable; path = ../snapshottable; sourceTree = "<group>"; };
		3E3E9AE429AD4B8B00921335 /* KleinSnapshotTesting.app */ = {isa = PBXFileReference; explicitFileType = wrapper.application; includeInIndex = 0; path = KleinSnapshotTesting.app; sourceTree = BUILT_PRODUCTS_DIR; };
		3E3E9AE729AD4B8B00921335 /* KleinSnapshotTestingApp.swift */ = {isa = PBXFileReference; lastKnownFileType = sourcecode.swift; path = KleinSnapshotTestingApp.swift; sourceTree = "<group>"; };
		3E3E9AE929AD4B8B00921335 /* ContentView.swift */ = {isa = PBXFileReference; lastKnownFileType = sourcecode.swift; path = ContentView.swift; sourceTree = "<group>"; };
		3E3E9AEB29AD4B8D00921335 /* Assets.xcassets */ = {isa = PBXFileReference; lastKnownFileType = folder.assetcatalog; path = Assets.xcassets; sourceTree = "<group>"; };
		3E3E9AEE29AD4B8D00921335 /* Preview Assets.xcassets */ = {isa = PBXFileReference; lastKnownFileType = folder.assetcatalog; path = "Preview Assets.xcassets"; sourceTree = "<group>"; };
		3E3E9AF429AD4B8D00921335 /* KleinSnapshotTestingTests.xctest */ = {isa = PBXFileReference; explicitFileType = wrapper.cfbundle; includeInIndex = 0; path = KleinSnapshotTestingTests.xctest; sourceTree = BUILT_PRODUCTS_DIR; };
		3E3E9AF829AD4B8D00921335 /* KleinSnapshotTestingTests.swift */ = {isa = PBXFileReference; lastKnownFileType = sourcecode.swift; path = KleinSnapshotTestingTests.swift; sourceTree = "<group>"; };
		3EAECE6E29AFF76200D226C0 /* SampleView.swift */ = {isa = PBXFileReference; lastKnownFileType = sourcecode.swift; path = SampleView.swift; sourceTree = "<group>"; };
		3EAECE7029AFF76B00D226C0 /* SampleView.xib */ = {isa = PBXFileReference; lastKnownFileType = file.xib; path = SampleView.xib; sourceTree = "<group>"; };
		3ECF642929AE956E00CA27AD /* SampleViewController.swift */ = {isa = PBXFileReference; lastKnownFileType = sourcecode.swift; path = SampleViewController.swift; sourceTree = "<group>"; };
		3ECF642A29AE956E00CA27AD /* SampleViewController.xib */ = {isa = PBXFileReference; lastKnownFileType = file.xib; path = SampleViewController.xib; sourceTree = "<group>"; };
/* End PBXFileReference section */

/* Begin PBXFrameworksBuildPhase section */
		3E3E9AE129AD4B8B00921335 /* Frameworks */ = {
			isa = PBXFrameworksBuildPhase;
			buildActionMask = 2147483647;
			files = (
			);
			runOnlyForDeploymentPostprocessing = 0;
		};
		3E3E9AF129AD4B8D00921335 /* Frameworks */ = {
			isa = PBXFrameworksBuildPhase;
			buildActionMask = 2147483647;
			files = (
				3E1E3E8529B3BDFB00A740A7 /* snapshottable in Frameworks */,
			);
			runOnlyForDeploymentPostprocessing = 0;
		};
/* End PBXFrameworksBuildPhase section */

/* Begin PBXGroup section */
		3E1E3E7D29B3BC4700A740A7 /* Packages */ = {
			isa = PBXGroup;
			children = (
				3E1E3E8329B3BD7800A740A7 /* snapshottable */,
			);
			name = Packages;
			sourceTree = "<group>";
		};
		3E1E3E7F29B3BC5800A740A7 /* Frameworks */ = {
			isa = PBXGroup;
			children = (
			);
			name = Frameworks;
			sourceTree = "<group>";
		};
		3E3E9ADB29AD4B8B00921335 = {
			isa = PBXGroup;
			children = (
				3E3E9AE629AD4B8B00921335 /* KleinSnapshotTesting */,
				3E3E9AF729AD4B8D00921335 /* KleinSnapshotTestingTests */,
				3E1E3E7D29B3BC4700A740A7 /* Packages */,
				3E3E9AE529AD4B8B00921335 /* Products */,
				3E1E3E7F29B3BC5800A740A7 /* Frameworks */,
			);
			sourceTree = "<group>";
		};
		3E3E9AE529AD4B8B00921335 /* Products */ = {
			isa = PBXGroup;
			children = (
				3E3E9AE429AD4B8B00921335 /* KleinSnapshotTesting.app */,
				3E3E9AF429AD4B8D00921335 /* KleinSnapshotTestingTests.xctest */,
			);
			name = Products;
			sourceTree = "<group>";
		};
		3E3E9AE629AD4B8B00921335 /* KleinSnapshotTesting */ = {
			isa = PBXGroup;
			children = (
				3E3E9AE729AD4B8B00921335 /* KleinSnapshotTestingApp.swift */,
				3EAECE7429AFFAB800D226C0 /* swiftui-view */,
				3EAECE7529AFFABE00D226C0 /* uikit-view */,
				3EAECE7629AFFACE00D226C0 /* uikit-view-controller */,
				3E3E9AEB29AD4B8D00921335 /* Assets.xcassets */,
				3E3E9AED29AD4B8D00921335 /* Preview Content */,
			);
			path = KleinSnapshotTesting;
			sourceTree = "<group>";
		};
		3E3E9AED29AD4B8D00921335 /* Preview Content */ = {
			isa = PBXGroup;
			children = (
				3E3E9AEE29AD4B8D00921335 /* Preview Assets.xcassets */,
			);
			path = "Preview Content";
			sourceTree = "<group>";
		};
		3E3E9AF729AD4B8D00921335 /* KleinSnapshotTestingTests */ = {
			isa = PBXGroup;
			children = (
				3E3E9AF829AD4B8D00921335 /* KleinSnapshotTestingTests.swift */,
			);
			path = KleinSnapshotTestingTests;
			sourceTree = "<group>";
		};
		3EAECE7429AFFAB800D226C0 /* swiftui-view */ = {
			isa = PBXGroup;
			children = (
				3E3E9AE929AD4B8B00921335 /* ContentView.swift */,
			);
			path = "swiftui-view";
			sourceTree = "<group>";
		};
		3EAECE7529AFFABE00D226C0 /* uikit-view */ = {
			isa = PBXGroup;
			children = (
				3EAECE6E29AFF76200D226C0 /* SampleView.swift */,
				3EAECE7029AFF76B00D226C0 /* SampleView.xib */,
			);
			path = "uikit-view";
			sourceTree = "<group>";
		};
		3EAECE7629AFFACE00D226C0 /* uikit-view-controller */ = {
			isa = PBXGroup;
			children = (
				3ECF642929AE956E00CA27AD /* SampleViewController.swift */,
				3ECF642A29AE956E00CA27AD /* SampleViewController.xib */,
			);
			path = "uikit-view-controller";
			sourceTree = "<group>";
		};
/* End PBXGroup section */

/* Begin PBXNativeTarget section */
		3E3E9AE329AD4B8B00921335 /* KleinSnapshotTesting */ = {
			isa = PBXNativeTarget;
			buildConfigurationList = 3E3E9B0829AD4B8D00921335 /* Build configuration list for PBXNativeTarget "KleinSnapshotTesting" */;
			buildPhases = (
				3E3E9AE029AD4B8B00921335 /* Sources */,
				3E3E9AE129AD4B8B00921335 /* Frameworks */,
				3E3E9AE229AD4B8B00921335 /* Resources */,
			);
			buildRules = (
			);
			dependencies = (
			);
			name = KleinSnapshotTesting;
			productName = KleinSnapshotTesting;
			productReference = 3E3E9AE429AD4B8B00921335 /* KleinSnapshotTesting.app */;
			productType = "com.apple.product-type.application";
		};
		3E3E9AF329AD4B8D00921335 /* KleinSnapshotTestingTests */ = {
			isa = PBXNativeTarget;
			buildConfigurationList = 3E3E9B0B29AD4B8D00921335 /* Build configuration list for PBXNativeTarget "KleinSnapshotTestingTests" */;
			buildPhases = (
				3E3E9AF029AD4B8D00921335 /* Sources */,
				3E3E9AF129AD4B8D00921335 /* Frameworks */,
				3E3E9AF229AD4B8D00921335 /* Resources */,
			);
			buildRules = (
			);
			dependencies = (
				3E3E9AF629AD4B8D00921335 /* PBXTargetDependency */,
			);
			name = KleinSnapshotTestingTests;
			packageProductDependencies = (
				3E1E3E8429B3BDFB00A740A7 /* snapshottable */,
			);
			productName = KleinSnapshotTestingTests;
			productReference = 3E3E9AF429AD4B8D00921335 /* KleinSnapshotTestingTests.xctest */;
			productType = "com.apple.product-type.bundle.unit-test";
		};
/* End PBXNativeTarget section */

/* Begin PBXProject section */
		3E3E9ADC29AD4B8B00921335 /* Project object */ = {
			isa = PBXProject;
			attributes = {
				BuildIndependentTargetsInParallel = 1;
				LastSwiftUpdateCheck = 1420;
				LastUpgradeCheck = 1420;
				TargetAttributes = {
					3E3E9AE329AD4B8B00921335 = {
						CreatedOnToolsVersion = 14.2;
					};
					3E3E9AF329AD4B8D00921335 = {
						CreatedOnToolsVersion = 14.2;
						TestTargetID = 3E3E9AE329AD4B8B00921335;
					};
				};
			};
			buildConfigurationList = 3E3E9ADF29AD4B8B00921335 /* Build configuration list for PBXProject "KleinSnapshotTesting" */;
			compatibilityVersion = "Xcode 14.0";
			developmentRegion = en;
			hasScannedForEncodings = 0;
			knownRegions = (
				en,
				Base,
			);
			mainGroup = 3E3E9ADB29AD4B8B00921335;
			productRefGroup = 3E3E9AE529AD4B8B00921335 /* Products */;
			projectDirPath = "";
			projectRoot = "";
			targets = (
				3E3E9AE329AD4B8B00921335 /* KleinSnapshotTesting */,
				3E3E9AF329AD4B8D00921335 /* KleinSnapshotTestingTests */,
			);
		};
/* End PBXProject section */

/* Begin PBXResourcesBuildPhase section */
		3E3E9AE229AD4B8B00921335 /* Resources */ = {
			isa = PBXResourcesBuildPhase;
			buildActionMask = 2147483647;
			files = (
				3EAECE7129AFF76B00D226C0 /* SampleView.xib in Resources */,
				3E3E9AEF29AD4B8D00921335 /* Preview Assets.xcassets in Resources */,
				3ECF642C29AE956E00CA27AD /* SampleViewController.xib in Resources */,
				3E3E9AEC29AD4B8D00921335 /* Assets.xcassets in Resources */,
			);
			runOnlyForDeploymentPostprocessing = 0;
		};
		3E3E9AF229AD4B8D00921335 /* Resources */ = {
			isa = PBXResourcesBuildPhase;
			buildActionMask = 2147483647;
			files = (
			);
			runOnlyForDeploymentPostprocessing = 0;
		};
/* End PBXResourcesBuildPhase section */

/* Begin PBXSourcesBuildPhase section */
		3E3E9AE029AD4B8B00921335 /* Sources */ = {
			isa = PBXSourcesBuildPhase;
			buildActionMask = 2147483647;
			files = (
				3EAECE6F29AFF76200D226C0 /* SampleView.swift in Sources */,
				3E3E9AEA29AD4B8B00921335 /* ContentView.swift in Sources */,
				3E3E9AE829AD4B8B00921335 /* KleinSnapshotTestingApp.swift in Sources */,
				3ECF642B29AE956E00CA27AD /* SampleViewController.swift in Sources */,
			);
			runOnlyForDeploymentPostprocessing = 0;
		};
		3E3E9AF029AD4B8D00921335 /* Sources */ = {
			isa = PBXSourcesBuildPhase;
			buildActionMask = 2147483647;
			files = (
				3E3E9AF929AD4B8D00921335 /* KleinSnapshotTestingTests.swift in Sources */,
			);
			runOnlyForDeploymentPostprocessing = 0;
		};
/* End PBXSourcesBuildPhase section */

/* Begin PBXTargetDependency section */
		3E3E9AF629AD4B8D00921335 /* PBXTargetDependency */ = {
			isa = PBXTargetDependency;
			target = 3E3E9AE329AD4B8B00921335 /* KleinSnapshotTesting */;
			targetProxy = 3E3E9AF529AD4B8D00921335 /* PBXContainerItemProxy */;
		};
/* End PBXTargetDependency section */

/* Begin XCBuildConfiguration section */
		3E3E9B0629AD4B8D00921335 /* Debug */ = {
			isa = XCBuildConfiguration;
			buildSettings = {
				ALWAYS_SEARCH_USER_PATHS = NO;
				CLANG_ANALYZER_NONNULL = YES;
				CLANG_ANALYZER_NUMBER_OBJECT_CONVERSION = YES_AGGRESSIVE;
				CLANG_CXX_LANGUAGE_STANDARD = "gnu++20";
				CLANG_ENABLE_MODULES = YES;
				CLANG_ENABLE_OBJC_ARC = YES;
				CLANG_ENABLE_OBJC_WEAK = YES;
				CLANG_WARN_BLOCK_CAPTURE_AUTORELEASING = YES;
				CLANG_WARN_BOOL_CONVERSION = YES;
				CLANG_WARN_COMMA = YES;
				CLANG_WARN_CONSTANT_CONVERSION = YES;
				CLANG_WARN_DEPRECATED_OBJC_IMPLEMENTATIONS = YES;
				CLANG_WARN_DIRECT_OBJC_ISA_USAGE = YES_ERROR;
				CLANG_WARN_DOCUMENTATION_COMMENTS = YES;
				CLANG_WARN_EMPTY_BODY = YES;
				CLANG_WARN_ENUM_CONVERSION = YES;
				CLANG_WARN_INFINITE_RECURSION = YES;
				CLANG_WARN_INT_CONVERSION = YES;
				CLANG_WARN_NON_LITERAL_NULL_CONVERSION = YES;
				CLANG_WARN_OBJC_IMPLICIT_RETAIN_SELF = YES;
				CLANG_WARN_OBJC_LITERAL_CONVERSION = YES;
				CLANG_WARN_OBJC_ROOT_CLASS = YES_ERROR;
				CLANG_WARN_QUOTED_INCLUDE_IN_FRAMEWORK_HEADER = YES;
				CLANG_WARN_RANGE_LOOP_ANALYSIS = YES;
				CLANG_WARN_STRICT_PROTOTYPES = YES;
				CLANG_WARN_SUSPICIOUS_MOVE = YES;
				CLANG_WARN_UNGUARDED_AVAILABILITY = YES_AGGRESSIVE;
				CLANG_WARN_UNREACHABLE_CODE = YES;
				CLANG_WARN__DUPLICATE_METHOD_MATCH = YES;
				COPY_PHASE_STRIP = NO;
				DEBUG_INFORMATION_FORMAT = dwarf;
				ENABLE_STRICT_OBJC_MSGSEND = YES;
				ENABLE_TESTABILITY = YES;
				GCC_C_LANGUAGE_STANDARD = gnu11;
				GCC_DYNAMIC_NO_PIC = NO;
				GCC_NO_COMMON_BLOCKS = YES;
				GCC_OPTIMIZATION_LEVEL = 0;
				GCC_PREPROCESSOR_DEFINITIONS = (
					"DEBUG=1",
					"$(inherited)",
				);
				GCC_WARN_64_TO_32_BIT_CONVERSION = YES;
				GCC_WARN_ABOUT_RETURN_TYPE = YES_ERROR;
				GCC_WARN_UNDECLARED_SELECTOR = YES;
				GCC_WARN_UNINITIALIZED_AUTOS = YES_AGGRESSIVE;
				GCC_WARN_UNUSED_FUNCTION = YES;
				GCC_WARN_UNUSED_VARIABLE = YES;
				IPHONEOS_DEPLOYMENT_TARGET = 14.0;
				MTL_ENABLE_DEBUG_INFO = INCLUDE_SOURCE;
				MTL_FAST_MATH = YES;
				ONLY_ACTIVE_ARCH = YES;
				SDKROOT = iphoneos;
				SWIFT_ACTIVE_COMPILATION_CONDITIONS = DEBUG;
				SWIFT_OPTIMIZATION_LEVEL = "-Onone";
			};
			name = Debug;
		};
		3E3E9B0729AD4B8D00921335 /* Release */ = {
			isa = XCBuildConfiguration;
			buildSettings = {
				ALWAYS_SEARCH_USER_PATHS = NO;
				CLANG_ANALYZER_NONNULL = YES;
				CLANG_ANALYZER_NUMBER_OBJECT_CONVERSION = YES_AGGRESSIVE;
				CLANG_CXX_LANGUAGE_STANDARD = "gnu++20";
				CLANG_ENABLE_MODULES = YES;
				CLANG_ENABLE_OBJC_ARC = YES;
				CLANG_ENABLE_OBJC_WEAK = YES;
				CLANG_WARN_BLOCK_CAPTURE_AUTORELEASING = YES;
				CLANG_WARN_BOOL_CONVERSION = YES;
				CLANG_WARN_COMMA = YES;
				CLANG_WARN_CONSTANT_CONVERSION = YES;
				CLANG_WARN_DEPRECATED_OBJC_IMPLEMENTATIONS = YES;
				CLANG_WARN_DIRECT_OBJC_ISA_USAGE = YES_ERROR;
				CLANG_WARN_DOCUMENTATION_COMMENTS = YES;
				CLANG_WARN_EMPTY_BODY = YES;
				CLANG_WARN_ENUM_CONVERSION = YES;
				CLANG_WARN_INFINITE_RECURSION = YES;
				CLANG_WARN_INT_CONVERSION = YES;
				CLANG_WARN_NON_LITERAL_NULL_CONVERSION = YES;
				CLANG_WARN_OBJC_IMPLICIT_RETAIN_SELF = YES;
				CLANG_WARN_OBJC_LITERAL_CONVERSION = YES;
				CLANG_WARN_OBJC_ROOT_CLASS = YES_ERROR;
				CLANG_WARN_QUOTED_INCLUDE_IN_FRAMEWORK_HEADER = YES;
				CLANG_WARN_RANGE_LOOP_ANALYSIS = YES;
				CLANG_WARN_STRICT_PROTOTYPES = YES;
				CLANG_WARN_SUSPICIOUS_MOVE = YES;
				CLANG_WARN_UNGUARDED_AVAILABILITY = YES_AGGRESSIVE;
				CLANG_WARN_UNREACHABLE_CODE = YES;
				CLANG_WARN__DUPLICATE_METHOD_MATCH = YES;
				COPY_PHASE_STRIP = NO;
				DEBUG_INFORMATION_FORMAT = "dwarf-with-dsym";
				ENABLE_NS_ASSERTIONS = NO;
				ENABLE_STRICT_OBJC_MSGSEND = YES;
				GCC_C_LANGUAGE_STANDARD = gnu11;
				GCC_NO_COMMON_BLOCKS = YES;
				GCC_WARN_64_TO_32_BIT_CONVERSION = YES;
				GCC_WARN_ABOUT_RETURN_TYPE = YES_ERROR;
				GCC_WARN_UNDECLARED_SELECTOR = YES;
				GCC_WARN_UNINITIALIZED_AUTOS = YES_AGGRESSIVE;
				GCC_WARN_UNUSED_FUNCTION = YES;
				GCC_WARN_UNUSED_VARIABLE = YES;
				IPHONEOS_DEPLOYMENT_TARGET = 14.0;
				MTL_ENABLE_DEBUG_INFO = NO;
				MTL_FAST_MATH = YES;
				SDKROOT = iphoneos;
				SWIFT_COMPILATION_MODE = wholemodule;
				SWIFT_OPTIMIZATION_LEVEL = "-O";
				VALIDATE_PRODUCT = YES;
			};
			name = Release;
		};
		3E3E9B0929AD4B8D00921335 /* Debug */ = {
			isa = XCBuildConfiguration;
			buildSettings = {
				ASSETCATALOG_COMPILER_APPICON_NAME = AppIcon;
				ASSETCATALOG_COMPILER_GLOBAL_ACCENT_COLOR_NAME = AccentColor;
				CODE_SIGN_STYLE = Automatic;
				CURRENT_PROJECT_VERSION = 1;
				DEVELOPMENT_ASSET_PATHS = "\"KleinSnapshotTesting/Preview Content\"";
				DEVELOPMENT_TEAM = 8S3FTRWYE7;
				ENABLE_PREVIEWS = YES;
				GENERATE_INFOPLIST_FILE = YES;
				INFOPLIST_KEY_UIApplicationSceneManifest_Generation = YES;
				INFOPLIST_KEY_UIApplicationSupportsIndirectInputEvents = YES;
				INFOPLIST_KEY_UILaunchScreen_Generation = YES;
				INFOPLIST_KEY_UISupportedInterfaceOrientations_iPad = "UIInterfaceOrientationPortrait UIInterfaceOrientationPortraitUpsideDown UIInterfaceOrientationLandscapeLeft UIInterfaceOrientationLandscapeRight";
				INFOPLIST_KEY_UISupportedInterfaceOrientations_iPhone = "UIInterfaceOrientationPortrait UIInterfaceOrientationLandscapeLeft UIInterfaceOrientationLandscapeRight";
				IPHONEOS_DEPLOYMENT_TARGET = 14.0;
				LD_RUNPATH_SEARCH_PATHS = (
					"$(inherited)",
					"@executable_path/Frameworks",
				);
				MARKETING_VERSION = 1.0;
				PRODUCT_BUNDLE_IDENTIFIER = net.kubilayerdogan.KleinSnapshotTesting;
				PRODUCT_NAME = "$(TARGET_NAME)";
				SWIFT_EMIT_LOC_STRINGS = YES;
				SWIFT_VERSION = 5.0;
				TARGETED_DEVICE_FAMILY = "1,2";
			};
			name = Debug;
		};
		3E3E9B0A29AD4B8D00921335 /* Release */ = {
			isa = XCBuildConfiguration;
			buildSettings = {
				ASSETCATALOG_COMPILER_APPICON_NAME = AppIcon;
				ASSETCATALOG_COMPILER_GLOBAL_ACCENT_COLOR_NAME = AccentColor;
				CODE_SIGN_STYLE = Automatic;
				CURRENT_PROJECT_VERSION = 1;
				DEVELOPMENT_ASSET_PATHS = "\"KleinSnapshotTesting/Preview Content\"";
				DEVELOPMENT_TEAM = 8S3FTRWYE7;
				ENABLE_PREVIEWS = YES;
				GENERATE_INFOPLIST_FILE = YES;
				INFOPLIST_KEY_UIApplicationSceneManifest_Generation = YES;
				INFOPLIST_KEY_UIApplicationSupportsIndirectInputEvents = YES;
				INFOPLIST_KEY_UILaunchScreen_Generation = YES;
				INFOPLIST_KEY_UISupportedInterfaceOrientations_iPad = "UIInterfaceOrientationPortrait UIInterfaceOrientationPortraitUpsideDown UIInterfaceOrientationLandscapeLeft UIInterfaceOrientationLandscapeRight";
				INFOPLIST_KEY_UISupportedInterfaceOrientations_iPhone = "UIInterfaceOrientationPortrait UIInterfaceOrientationLandscapeLeft UIInterfaceOrientationLandscapeRight";
				IPHONEOS_DEPLOYMENT_TARGET = 14.0;
				LD_RUNPATH_SEARCH_PATHS = (
					"$(inherited)",
					"@executable_path/Frameworks",
				);
				MARKETING_VERSION = 1.0;
				PRODUCT_BUNDLE_IDENTIFIER = net.kubilayerdogan.KleinSnapshotTesting;
				PRODUCT_NAME = "$(TARGET_NAME)";
				SWIFT_EMIT_LOC_STRINGS = YES;
				SWIFT_VERSION = 5.0;
				TARGETED_DEVICE_FAMILY = "1,2";
			};
			name = Release;
		};
		3E3E9B0C29AD4B8D00921335 /* Debug */ = {
			isa = XCBuildConfiguration;
			buildSettings = {
				ALWAYS_EMBED_SWIFT_STANDARD_LIBRARIES = YES;
				BUNDLE_LOADER = "$(TEST_HOST)";
				CODE_SIGN_STYLE = Automatic;
				CURRENT_PROJECT_VERSION = 1;
				DEVELOPMENT_TEAM = 8S3FTRWYE7;
				GENERATE_INFOPLIST_FILE = YES;
				IPHONEOS_DEPLOYMENT_TARGET = 14.0;
				MARKETING_VERSION = 1.0;
				PRODUCT_BUNDLE_IDENTIFIER = net.kubilayerdogan.KleinSnapshotTestingTests;
				PRODUCT_NAME = "$(TARGET_NAME)";
				SWIFT_EMIT_LOC_STRINGS = NO;
				SWIFT_VERSION = 5.0;
				TARGETED_DEVICE_FAMILY = "1,2";
				TEST_HOST = "$(BUILT_PRODUCTS_DIR)/KleinSnapshotTesting.app/$(BUNDLE_EXECUTABLE_FOLDER_PATH)/KleinSnapshotTesting";
			};
			name = Debug;
		};
		3E3E9B0D29AD4B8D00921335 /* Release */ = {
			isa = XCBuildConfiguration;
			buildSettings = {
				ALWAYS_EMBED_SWIFT_STANDARD_LIBRARIES = YES;
				BUNDLE_LOADER = "$(TEST_HOST)";
				CODE_SIGN_STYLE = Automatic;
				CURRENT_PROJECT_VERSION = 1;
				DEVELOPMENT_TEAM = 8S3FTRWYE7;
				GENERATE_INFOPLIST_FILE = YES;
				IPHONEOS_DEPLOYMENT_TARGET = 14.0;
				MARKETING_VERSION = 1.0;
				PRODUCT_BUNDLE_IDENTIFIER = net.kubilayerdogan.KleinSnapshotTestingTests;
				PRODUCT_NAME = "$(TARGET_NAME)";
				SWIFT_EMIT_LOC_STRINGS = NO;
				SWIFT_VERSION = 5.0;
				TARGETED_DEVICE_FAMILY = "1,2";
				TEST_HOST = "$(BUILT_PRODUCTS_DIR)/KleinSnapshotTesting.app/$(BUNDLE_EXECUTABLE_FOLDER_PATH)/KleinSnapshotTesting";
			};
			name = Release;
		};
/* End XCBuildConfiguration section */

/* Begin XCConfigurationList section */
		3E3E9ADF29AD4B8B00921335 /* Build configuration list for PBXProject "KleinSnapshotTesting" */ = {
			isa = XCConfigurationList;
			buildConfigurations = (
				3E3E9B0629AD4B8D00921335 /* Debug */,
				3E3E9B0729AD4B8D00921335 /* Release */,
			);
			defaultConfigurationIsVisible = 0;
			defaultConfigurationName = Release;
		};
		3E3E9B0829AD4B8D00921335 /* Build configuration list for PBXNativeTarget "KleinSnapshotTesting" */ = {
			isa = XCConfigurationList;
			buildConfigurations = (
				3E3E9B0929AD4B8D00921335 /* Debug */,
				3E3E9B0A29AD4B8D00921335 /* Release */,
			);
			defaultConfigurationIsVisible = 0;
			defaultConfigurationName = Release;
		};
		3E3E9B0B29AD4B8D00921335 /* Build configuration list for PBXNativeTarget "KleinSnapshotTestingTests" */ = {
			isa = XCConfigurationList;
			buildConfigurations = (
				3E3E9B0C29AD4B8D00921335 /* Debug */,
				3E3E9B0D29AD4B8D00921335 /* Release */,
			);
			defaultConfigurationIsVisible = 0;
			defaultConfigurationName = Release;
		};
/* End XCConfigurationList section */

/* Begin XCSwiftPackageProductDependency section */
		3E1E3E8429B3BDFB00A740A7 /* snapshottable */ = {
			isa = XCSwiftPackageProductDependency;
			productName = snapshottable;
		};
/* End XCSwiftPackageProductDependency section */
	};
	rootObject = 3E3E9ADC29AD4B8B00921335 /* Project object */;
}
